{
  "name": "htx",
  "version": "1.0.0",
  "lockfileVersion": 3,
  "requires": true,
  "packages": {
    "": {
      "name": "htx",
      "version": "1.0.0",
      "license": "ISC",
      "dependencies": {
        "puppeteer-extra": "^3.3.6"
      }
    },
    "node_modules/@types/debug": {
      "version": "4.1.12",
      "resolved": "https://registry.npmjs.org/@types/debug/-/debug-4.1.12.tgz",
      "integrity": "sha512-vIChWdVG3LG1SMxEvI/AK+FWJthlrqlTu7fbrlywTkkaONwk/UAGaULXRlf8vkzFBLVm0zkMdCquhL5aOjhXPQ==",
      "license": "MIT",
      "dependencies": {
        "@types/ms": "*"
      }
    },
    "node_modules/@types/ms": {
      "version": "0.7.34",
      "resolved": "https://registry.npmjs.org/@types/ms/-/ms-0.7.34.tgz",
      "integrity": "sha512-nG96G3Wp6acyAgJqGasjODb+acrI7KltPiRxzHPXnP3NgI28bpQDRv53olbqGXbfcgF5aiiHmO3xpwEpS5Ld9g==",
      "license": "MIT"
    },
    "node_modules/debug": {
      "version": "4.3.7",
      "resolved": "https://registry.npmjs.org/debug/-/debug-4.3.7.tgz",
      "integrity": "sha512-Er2nc/H7RrMXZBFCEim6TCmMk02Z8vLC2Rbi1KEBggpo0fS6l0S1nnapwmIi3yW/+GOJap1Krg4w0Hg80oCqgQ==",
      "license": "MIT",
      "dependencies": {
        "ms": "^2.1.3"
      },
      "engines": {
        "node": ">=6.0"
      },
      "peerDependenciesMeta": {
        "supports-color": {
          "optional": true
        }
      }
    },
    "node_modules/deepmerge": {
      "version": "4.3.1",
      "resolved": "https://registry.npmjs.org/deepmerge/-/deepmerge-4.3.1.tgz",
      "integrity": "sha512-3sUqbMEc77XqpdNO7FRyRog+eW3ph+GYCbj+rK+uYyRMuwsVy0rMiVtPn+QJlKFvWP/1PYpapqYn0Me2knFn+A==",
      "license": "MIT",
      "engines": {
        "node": ">=0.10.0"
      }
    },
    "node_modules/ms": {
      "version": "2.1.3",
      "resolved": "https://registry.npmjs.org/ms/-/ms-2.1.3.tgz",
      "integrity": "sha512-6FlzubTLZG3J2a/NVCAleEhjzq5oxgHyaCU9yYXvcLsvoVaHJq/s5xXI6/XXP6tz7R9xAOtHnSO/tXtF3WRTlA==",
      "license": "MIT"
    },
    "node_modules/puppeteer-extra": {
      "version": "3.3.6",
      "resolved": "https://registry.npmjs.org/puppeteer-extra/-/puppeteer-extra-3.3.6.tgz",
      "integrity": "sha512-rsLBE/6mMxAjlLd06LuGacrukP2bqbzKCLzV1vrhHFavqQE/taQ2UXv3H5P0Ls7nsrASa+6x3bDbXHpqMwq+7A==",
      "license": "MIT",
      "dependencies": {
        "@types/debug": "^4.1.0",
        "debug": "^4.1.1",
        "deepmerge": "^4.2.2"
      },
      "engines": {
        "node": ">=8"
      },
      "peerDependencies": {
        "@types/puppeteer": "*",
        "puppeteer": "*",
        "puppeteer-core": "*"
      },
      "peerDependenciesMeta": {
        "@types/puppeteer": {
          "optional": true
        },
        "puppeteer": {
          "optional": true
        },
        "puppeteer-core": {
          "optional": true
        }
      }
    }
  }
}
